
Microsoft Visual Studio Solution File, Format Version 12.00
# Visual Studio 14
VisualStudioVersion = 14.0.23107.0
MinimumVisualStudioVersion = 10.0.40219.1
Project("{FAE04EC0-301F-11D3-BF4B-00C04F79EFBC}") = "WindowsFormsApplication1", "WindowsFormsApplication1\WindowsFormsApplication1.csproj", "{EE4D31FC-FD5A-4DD5-BE53-A786A70DB117}"
EndProject
Project("{FAE04EC0-301F-11D3-BF4B-00C04F79EFBC}") = "ClassLibrary1", "ClassLibrary1\ClassLibrary1.csproj", "{FEEA537B-19BF-4856-8FE6-899124A7DB03}"
EndProject
Global
	GlobalSection(SolutionConfigurationPlatforms) = preSolution
		Debug|Any CPU = Debug|Any CPU
		Release|Any CPU = Release|Any CPU
	EndGlobalSection
	GlobalSection(ProjectConfigurationPlatforms) = postSolution
		{EE4D31FC-FD5A-4DD5-BE53-A786A70DB117}.Debug|Any CPU.ActiveCfg = Debug|Any CPU
		{EE4D31FC-FD5A-4DD5-BE53-A786A70DB117}.Debug|Any CPU.Build.0 = Debug|Any CPU
		{EE4D31FC-FD5A-4DD5-BE53-A786A70DB117}.Release|Any CPU.ActiveCfg = Release|Any CPU
		{EE4D31FC-FD5A-4DD5-BE53-A786A70DB117}.Release|Any CPU.Build.0 = Release|Any CPU
		{FEEA537B-19BF-4856-8FE6-899124A7DB03}.Debug|Any CPU.ActiveCfg = Debug|Any CPU
		{FEEA537B-19BF-4856-8FE6-899124A7DB03}.Debug|Any CPU.Build.0 = Debug|Any CPU
		{FEEA537B-19BF-4856-8FE6-899124A7DB03}.Release|Any CPU.ActiveCfg = Release|Any CPU
		{FEEA537B-19BF-4856-8FE6-899124A7DB03}.Release|Any CPU.Build.0 = Release|Any CPU
	EndGlobalSection
	GlobalSection(SolutionProperties) = preSolution
		HideSolutionNode = FALSE
	EndGlobalSection
EndGlobal
